
Microsoft Visual Studio Solution File, Format Version 12.00
# Visual Studio Version 16
VisualStudioVersion = 16.0.30804.86
MinimumVisualStudioVersion = 10.0.40219.1
Project("{FAE04EC0-301F-11D3-BF4B-00C04F79EFBC}") = "bigschool_lap543", "bigschool_lap543\bigschool_lap543.csproj", "{27B62A86-CF6C-4645-91C7-6601A3060CDC}"
EndProject
Global
	GlobalSection(SolutionConfigurationPlatforms) = preSolution
		Debug|Any CPU = Debug|Any CPU
		Release|Any CPU = Release|Any CPU
	EndGlobalSection
	GlobalSection(ProjectConfigurationPlatforms) = postSolution
		{27B62A86-CF6C-4645-91C7-6601A3060CDC}.Debug|Any CPU.ActiveCfg = Debug|Any CPU
		{27B62A86-CF6C-4645-91C7-6601A3060CDC}.Debug|Any CPU.Build.0 = Debug|Any CPU
		{27B62A86-CF6C-4645-91C7-6601A3060CDC}.Release|Any CPU.ActiveCfg = Release|Any CPU
		{27B62A86-CF6C-4645-91C7-6601A3060CDC}.Release|Any CPU.Build.0 = Release|Any CPU
	EndGlobalSection
	GlobalSection(SolutionProperties) = preSolution
		HideSolutionNode = FALSE
	EndGlobalSection
	GlobalSection(ExtensibilityGlobals) = postSolution
		SolutionGuid = {A1A185B8-25B7-4A99-A600-F96629A96366}
	EndGlobalSection
EndGlobal
